
Microsoft Visual Studio Solution File, Format Version 12.00
# Visual Studio Version 16
VisualStudioVersion = 16.0.31229.387
MinimumVisualStudioVersion = 10.0.40219.1
Project("{FAE04EC0-301F-11D3-BF4B-00C04F79EFBC}") = "Lottery", "Lottery\Lottery.csproj", "{7328455F-09AB-4D01-B98A-203046BAE080}"
EndProject
Global
	GlobalSection(SolutionConfigurationPlatforms) = preSolution
		Debug|Any CPU = Debug|Any CPU
		Release|Any CPU = Release|Any CPU
	EndGlobalSection
	GlobalSection(ProjectConfigurationPlatforms) = postSolution
		{7328455F-09AB-4D01-B98A-203046BAE080}.Debug|Any CPU.ActiveCfg = Debug|Any CPU
		{7328455F-09AB-4D01-B98A-203046BAE080}.Debug|Any CPU.Build.0 = Debug|Any CPU
		{7328455F-09AB-4D01-B98A-203046BAE080}.Release|Any CPU.ActiveCfg = Release|Any CPU
		{7328455F-09AB-4D01-B98A-203046BAE080}.Release|Any CPU.Build.0 = Release|Any CPU
	EndGlobalSection
	GlobalSection(SolutionProperties) = preSolution
		HideSolutionNode = FALSE
	EndGlobalSection
	GlobalSection(ExtensibilityGlobals) = postSolution
		SolutionGuid = {29C3D138-30D8-45FB-9F1B-2B3BD08075D4}
	EndGlobalSection
EndGlobal
